
Microsoft Visual Studio Solution File, Format Version 12.00
# Visual Studio 2013
VisualStudioVersion = 12.0.40629.0
MinimumVisualStudioVersion = 10.0.40219.1
Project("{FAE04EC0-301F-11D3-BF4B-00C04F79EFBC}") = "SpeakerVerification", "SpeakerVerification\SpeakerVerification.csproj", "{50D92187-2810-4C33-9D76-6C064A879E32}"
EndProject
Project("{2150E333-8FDC-42A3-9474-1A3956D46DE8}") = "Solution Items", "Solution Items", "{B14C987D-0834-46C2-8798-34F3326C4221}"
	ProjectSection(SolutionItems) = preProject
		Performance1.psess = Performance1.psess
	EndProjectSection
EndProject
Project("{FAE04EC0-301F-11D3-BF4B-00C04F79EFBC}") = "HelpersLibrary", "HelpersLibrary\HelpersLibrary.csproj", "{B9ED183A-5D62-4D85-99EC-42303D08F50A}"
EndProject
Project("{FAE04EC0-301F-11D3-BF4B-00C04F79EFBC}") = "Tests", "Tests\Tests.csproj", "{93E9DC3D-65C0-44A6-81E4-0EB96E9EF002}"
EndProject
Project("{FAE04EC0-301F-11D3-BF4B-00C04F79EFBC}") = "Core", "NeuronDotNet\Core\Core.csproj", "{D5B56684-0C33-4195-B3D6-D1576B739E42}"
EndProject
Project("{FAE04EC0-301F-11D3-BF4B-00C04F79EFBC}") = "ExperimentalProcessing", "ExperimentalProcessing\ExperimentalProcessing.csproj", "{B39FEB8A-3082-40CC-92A0-E02071D07E83}"
EndProject
Project("{FAE04EC0-301F-11D3-BF4B-00C04F79EFBC}") = "SpeakerVerificationExperiments", "SpeakerVerificationExperiments\SpeakerVerificationExperiments.csproj", "{AC8255D0-079E-4E9C-91B3-19D2E476DBB9}"
EndProject
Project("{FAE04EC0-301F-11D3-BF4B-00C04F79EFBC}") = "WebSiteExample", "WebSiteExample\WebSiteExample.csproj", "{250E9461-97F9-4BF3-99B8-7CFC372F5AE0}"
EndProject
Global
	GlobalSection(SolutionConfigurationPlatforms) = preSolution
		Debug|Any CPU = Debug|Any CPU
		Release|Any CPU = Release|Any CPU
	EndGlobalSection
	GlobalSection(ProjectConfigurationPlatforms) = postSolution
		{50D92187-2810-4C33-9D76-6C064A879E32}.Debug|Any CPU.ActiveCfg = Debug|Any CPU
		{50D92187-2810-4C33-9D76-6C064A879E32}.Debug|Any CPU.Build.0 = Debug|Any CPU
		{50D92187-2810-4C33-9D76-6C064A879E32}.Debug|Any CPU.Deploy.0 = Debug|Any CPU
		{50D92187-2810-4C33-9D76-6C064A879E32}.Release|Any CPU.ActiveCfg = Release|Any CPU
		{50D92187-2810-4C33-9D76-6C064A879E32}.Release|Any CPU.Build.0 = Release|Any CPU
		{B9ED183A-5D62-4D85-99EC-42303D08F50A}.Debug|Any CPU.ActiveCfg = Debug|Any CPU
		{B9ED183A-5D62-4D85-99EC-42303D08F50A}.Debug|Any CPU.Build.0 = Debug|Any CPU
		{B9ED183A-5D62-4D85-99EC-42303D08F50A}.Release|Any CPU.ActiveCfg = Release|Any CPU
		{B9ED183A-5D62-4D85-99EC-42303D08F50A}.Release|Any CPU.Build.0 = Release|Any CPU
		{93E9DC3D-65C0-44A6-81E4-0EB96E9EF002}.Debug|Any CPU.ActiveCfg = Debug|Any CPU
		{93E9DC3D-65C0-44A6-81E4-0EB96E9EF002}.Debug|Any CPU.Build.0 = Debug|Any CPU
		{93E9DC3D-65C0-44A6-81E4-0EB96E9EF002}.Release|Any CPU.ActiveCfg = Release|Any CPU
		{93E9DC3D-65C0-44A6-81E4-0EB96E9EF002}.Release|Any CPU.Build.0 = Release|Any CPU
		{D5B56684-0C33-4195-B3D6-D1576B739E42}.Debug|Any CPU.ActiveCfg = Debug|Any CPU
		{D5B56684-0C33-4195-B3D6-D1576B739E42}.Debug|Any CPU.Build.0 = Debug|Any CPU
		{D5B56684-0C33-4195-B3D6-D1576B739E42}.Release|Any CPU.ActiveCfg = Release|Any CPU
		{D5B56684-0C33-4195-B3D6-D1576B739E42}.Release|Any CPU.Build.0 = Release|Any CPU
		{B39FEB8A-3082-40CC-92A0-E02071D07E83}.Debug|Any CPU.ActiveCfg = Debug|Any CPU
		{B39FEB8A-3082-40CC-92A0-E02071D07E83}.Debug|Any CPU.Build.0 = Debug|Any CPU
		{B39FEB8A-3082-40CC-92A0-E02071D07E83}.Release|Any CPU.ActiveCfg = Release|Any CPU
		{B39FEB8A-3082-40CC-92A0-E02071D07E83}.Release|Any CPU.Build.0 = Release|Any CPU
		{AC8255D0-079E-4E9C-91B3-19D2E476DBB9}.Debug|Any CPU.ActiveCfg = Debug|Any CPU
		{AC8255D0-079E-4E9C-91B3-19D2E476DBB9}.Debug|Any CPU.Build.0 = Debug|Any CPU
		{AC8255D0-079E-4E9C-91B3-19D2E476DBB9}.Release|Any CPU.ActiveCfg = Release|Any CPU
		{AC8255D0-079E-4E9C-91B3-19D2E476DBB9}.Release|Any CPU.Build.0 = Release|Any CPU
		{250E9461-97F9-4BF3-99B8-7CFC372F5AE0}.Debug|Any CPU.ActiveCfg = Debug|Any CPU
		{250E9461-97F9-4BF3-99B8-7CFC372F5AE0}.Debug|Any CPU.Build.0 = Debug|Any CPU
		{250E9461-97F9-4BF3-99B8-7CFC372F5AE0}.Release|Any CPU.ActiveCfg = Release|Any CPU
		{250E9461-97F9-4BF3-99B8-7CFC372F5AE0}.Release|Any CPU.Build.0 = Release|Any CPU
	EndGlobalSection
	GlobalSection(SolutionProperties) = preSolution
		HideSolutionNode = FALSE
	EndGlobalSection
	GlobalSection(Performance) = preSolution
		HasPerformanceSessions = true
	EndGlobalSection
EndGlobal
